{
  "name": "monica-notify",
  "lockfileVersion": 3,
  "requires": true,
  "packages": {
    "": {
      "dependencies": {
        "@ah-monica/core": "0.4.2"
      }
    },
    "node_modules/@ah-monica/core": {
      "version": "0.4.2",
      "resolved": "https://registry.npmjs.org/@ah-monica/core/-/core-0.4.2.tgz",
      "integrity": "sha512-zED4//9ul7H50sfptuWM3QAufaO7QpDFu1Bg+Ww+acjgxEcYW/0VnyzA8XV1kCK5H96KgAuCUXyKv981ukmt0Q==",
      "license": "Apache-2.0"
    }
  }
}
